
Microsoft Visual Studio Solution File, Format Version 12.00
# Visual Studio 15
VisualStudioVersion = 15.0.28307.1705
MinimumVisualStudioVersion = 10.0.40219.1
Project("{8BC9CEB8-8B4A-11D0-8D11-00A0C91BC942}") = "CH7_Lab2", "CH7_Lab2\CH7_Lab2.vcxproj", "{F863722A-2550-4023-9918-9724D73E24C9}"
EndProject
Global
	GlobalSection(SolutionConfigurationPlatforms) = preSolution
		Debug|x64 = Debug|x64
		Debug|x86 = Debug|x86
		Release|x64 = Release|x64
		Release|x86 = Release|x86
	EndGlobalSection
	GlobalSection(ProjectConfigurationPlatforms) = postSolution
		{F863722A-2550-4023-9918-9724D73E24C9}.Debug|x64.ActiveCfg = Debug|x64
		{F863722A-2550-4023-9918-9724D73E24C9}.Debug|x64.Build.0 = Debug|x64
		{F863722A-2550-4023-9918-9724D73E24C9}.Debug|x86.ActiveCfg = Debug|Win32
		{F863722A-2550-4023-9918-9724D73E24C9}.Debug|x86.Build.0 = Debug|Win32
		{F863722A-2550-4023-9918-9724D73E24C9}.Release|x64.ActiveCfg = Release|x64
		{F863722A-2550-4023-9918-9724D73E24C9}.Release|x64.Build.0 = Release|x64
		{F863722A-2550-4023-9918-9724D73E24C9}.Release|x86.ActiveCfg = Release|Win32
		{F863722A-2550-4023-9918-9724D73E24C9}.Release|x86.Build.0 = Release|Win32
	EndGlobalSection
	GlobalSection(SolutionProperties) = preSolution
		HideSolutionNode = FALSE
	EndGlobalSection
	GlobalSection(ExtensibilityGlobals) = postSolution
		SolutionGuid = {2400B3AA-8070-4662-858E-D3493E43DE62}
	EndGlobalSection
EndGlobal
